
Microsoft Visual Studio Solution File, Format Version 12.00
# Visual Studio Version 17
VisualStudioVersion = 17.0.32112.339
MinimumVisualStudioVersion = 10.0.40219.1
Project("{FAE04EC0-301F-11D3-BF4B-00C04F79EFBC}") = "FoodApp", "FoodApp\FoodApp.csproj", "{300E64DE-2DDD-4DE8-9E80-5D78D99FF313}"
EndProject
Global
	GlobalSection(SolutionConfigurationPlatforms) = preSolution
		Debug|Any CPU = Debug|Any CPU
		Release|Any CPU = Release|Any CPU
	EndGlobalSection
	GlobalSection(ProjectConfigurationPlatforms) = postSolution
		{300E64DE-2DDD-4DE8-9E80-5D78D99FF313}.Debug|Any CPU.ActiveCfg = Debug|Any CPU
		{300E64DE-2DDD-4DE8-9E80-5D78D99FF313}.Debug|Any CPU.Build.0 = Debug|Any CPU
		{300E64DE-2DDD-4DE8-9E80-5D78D99FF313}.Release|Any CPU.ActiveCfg = Release|Any CPU
		{300E64DE-2DDD-4DE8-9E80-5D78D99FF313}.Release|Any CPU.Build.0 = Release|Any CPU
	EndGlobalSection
	GlobalSection(SolutionProperties) = preSolution
		HideSolutionNode = FALSE
	EndGlobalSection
	GlobalSection(ExtensibilityGlobals) = postSolution
		SolutionGuid = {020DA8C3-CDA1-440C-ACFA-724B72A83470}
	EndGlobalSection
EndGlobal
